// !$*UTF8*$!
{
	archiveVersion = 1;
	classes = {
	};
	objectVersion = 46;
	objects = {

/* Begin PBXBuildFile section */
		8E8AACEB1D0F4A1500CC8158 /* AppDelegate.swift in Sources */ = {isa = PBXBuildFile; fileRef = 8E8AACEA1D0F4A1500CC8158 /* AppDelegate.swift */; };
		8E8AACED1D0F4A1500CC8158 /* ViewController.swift in Sources */ = {isa = PBXBuildFile; fileRef = 8E8AACEC1D0F4A1500CC8158 /* ViewController.swift */; };
		8E8AACF01D0F4A1500CC8158 /* Main.storyboard in Resources */ = {isa = PBXBuildFile; fileRef = 8E8AACEE1D0F4A1500CC8158 /* Main.storyboard */; };
		8E8AACF21D0F4A1500CC8158 /* Assets.xcassets in Resources */ = {isa = PBXBuildFile; fileRef = 8E8AACF11D0F4A1500CC8158 /* Assets.xcassets */; };
		8E8AACF51D0F4A1500CC8158 /* LaunchScreen.storyboard in Resources */ = {isa = PBXBuildFile; fileRef = 8E8AACF31D0F4A1500CC8158 /* LaunchScreen.storyboard */; };
		8E8AACFD1D0F5C2800CC8158 /* dragImage.swift in Sources */ = {isa = PBXBuildFile; fileRef = 8E8AACFC1D0F5C2800CC8158 /* dragImage.swift */; };
		8E8AACFF1D0F600100CC8158 /* MonsterImage.swift in Sources */ = {isa = PBXBuildFile; fileRef = 8E8AACFE1D0F600100CC8158 /* MonsterImage.swift */; };
/* End PBXBuildFile section */

/* Begin PBXFileReference section */
		8E8AACE71D0F4A1500CC8158 /* monster.app */ = {isa = PBXFileReference; explicitFileType = wrapper.application; includeInIndex = 0; path = monster.app; sourceTree = BUILT_PRODUCTS_DIR; };
		8E8AACEA1D0F4A1500CC8158 /* AppDelegate.swift */ = {isa = PBXFileReference; lastKnownFileType = sourcecode.swift; path = AppDelegate.swift; sourceTree = "<group>"; };
		8E8AACEC1D0F4A1500CC8158 /* ViewController.swift */ = {isa = PBXFileReference; lastKnownFileType = sourcecode.swift; path = ViewController.swift; sourceTree = "<group>"; };
		8E8AACEF1D0F4A1500CC8158 /* Base */ = {isa = PBXFileReference; lastKnownFileType = file.storyboard; name = Base; path = Base.lproj/Main.storyboard; sourceTree = "<group>"; };
		8E8AACF11D0F4A1500CC8158 /* Assets.xcassets */ = {isa = PBXFileReference; lastKnownFileType = folder.assetcatalog; path = Assets.xcassets; sourceTree = "<group>"; };
		8E8AACF41D0F4A1500CC8158 /* Base */ = {isa = PBXFileReference; lastKnownFileType = file.storyboard; name = Base; path = Base.lproj/LaunchScreen.storyboard; sourceTree = "<group>"; };
		8E8AACF61D0F4A1500CC8158 /* Info.plist */ = {isa = PBXFileReference; lastKnownFileType = text.plist.xml; path = Info.plist; sourceTree = "<group>"; };
		8E8AACFC1D0F5C2800CC8158 /* dragImage.swift */ = {isa = PBXFileReference; fileEncoding = 4; lastKnownFileType = sourcecode.swift; path = dragImage.swift; sourceTree = "<group>"; };
		8E8AACFE1D0F600100CC8158 /* MonsterImage.swift */ = {isa = PBXFileReference; fileEncoding = 4; lastKnownFileType = sourcecode.swift; path = MonsterImage.swift; sourceTree = "<group>"; };
/* End PBXFileReference section */

/* Begin PBXFrameworksBuildPhase section */
		8E8AACE41D0F4A1500CC8158 /* Frameworks */ = {
			isa = PBXFrameworksBuildPhase;
			buildActionMask = 2147483647;
			files = (
			);
			runOnlyForDeploymentPostprocessing = 0;
		};
/* End PBXFrameworksBuildPhase section */

/* Begin PBXGroup section */
		8E8AACDE1D0F4A1500CC8158 = {
			isa = PBXGroup;
			children = (
				8E8AACE91D0F4A1500CC8158 /* monster */,
				8E8AACE81D0F4A1500CC8158 /* Products */,
			);
			sourceTree = "<group>";
		};
		8E8AACE81D0F4A1500CC8158 /* Products */ = {
			isa = PBXGroup;
			children = (
				8E8AACE71D0F4A1500CC8158 /* monster.app */,
			);
			name = Products;
			sourceTree = "<group>";
		};
		8E8AACE91D0F4A1500CC8158 /* monster */ = {
			isa = PBXGroup;
			children = (
				8E8AACEA1D0F4A1500CC8158 /* AppDelegate.swift */,
				8E8AACEC1D0F4A1500CC8158 /* ViewController.swift */,
				8E8AACEE1D0F4A1500CC8158 /* Main.storyboard */,
				8E8AACF11D0F4A1500CC8158 /* Assets.xcassets */,
				8E8AACF31D0F4A1500CC8158 /* LaunchScreen.storyboard */,
				8E8AACF61D0F4A1500CC8158 /* Info.plist */,
				8E8AACFC1D0F5C2800CC8158 /* dragImage.swift */,
				8E8AACFE1D0F600100CC8158 /* MonsterImage.swift */,
			);
			path = monster;
			sourceTree = "<group>";
		};
/* End PBXGroup section */

/* Begin PBXNativeTarget section */
		8E8AACE61D0F4A1500CC8158 /* monster */ = {
			isa = PBXNativeTarget;
			buildConfigurationList = 8E8AACF91D0F4A1500CC8158 /* Build configuration list for PBXNativeTarget "monster" */;
			buildPhases = (
				8E8AACE31D0F4A1500CC8158 /* Sources */,
				8E8AACE41D0F4A1500CC8158 /* Frameworks */,
				8E8AACE51D0F4A1500CC8158 /* Resources */,
			);
			buildRules = (
			);
			dependencies = (
			);
			name = monster;
			productName = monster;
			productReference = 8E8AACE71D0F4A1500CC8158 /* monster.app */;
			productType = "com.apple.product-type.application";
		};
/* End PBXNativeTarget section */

/* Begin PBXProject section */
		8E8AACDF1D0F4A1500CC8158 /* Project object */ = {
			isa = PBXProject;
			attributes = {
				LastSwiftUpdateCheck = 0730;
				LastUpgradeCheck = 0730;
				ORGANIZATIONNAME = "Gordon Seto";
				TargetAttributes = {
					8E8AACE61D0F4A1500CC8158 = {
						CreatedOnToolsVersion = 7.3.1;
					};
				};
			};
			buildConfigurationList = 8E8AACE21D0F4A1500CC8158 /* Build configuration list for PBXProject "monster" */;
			compatibilityVersion = "Xcode 3.2";
			developmentRegion = English;
			hasScannedForEncodings = 0;
			knownRegions = (
				en,
				Base,
			);
			mainGroup = 8E8AACDE1D0F4A1500CC8158;
			productRefGroup = 8E8AACE81D0F4A1500CC8158 /* Products */;
			projectDirPath = "";
			projectRoot = "";
			targets = (
				8E8AACE61D0F4A1500CC8158 /* monster */,
			);
		};
/* End PBXProject section */

/* Begin PBXResourcesBuildPhase section */
		8E8AACE51D0F4A1500CC8158 /* Resources */ = {
			isa = PBXResourcesBuildPhase;
			buildActionMask = 2147483647;
			files = (
				8E8AACF51D0F4A1500CC8158 /* LaunchScreen.storyboard in Resources */,
				8E8AACF21D0F4A1500CC8158 /* Assets.xcassets in Resources */,
				8E8AACF01D0F4A1500CC8158 /* Main.storyboard in Resources */,
			);
			runOnlyForDeploymentPostprocessing = 0;
		};
/* End PBXResourcesBuildPhase section */

/* Begin PBXSourcesBuildPhase section */
		8E8AACE31D0F4A1500CC8158 /* Sources */ = {
			isa = PBXSourcesBuildPhase;
			buildActionMask = 2147483647;
			files = (
				8E8AACFF1D0F600100CC8158 /* MonsterImage.swift in Sources */,
				8E8AACED1D0F4A1500CC8158 /* ViewController.swift in Sources */,
				8E8AACFD1D0F5C2800CC8158 /* dragImage.swift in Sources */,
				8E8AACEB1D0F4A1500CC8158 /* AppDelegate.swift in Sources */,
			);
			runOnlyForDeploymentPostprocessing = 0;
		};
/* End PBXSourcesBuildPhase section */

/* Begin PBXVariantGroup section */
		8E8AACEE1D0F4A1500CC8158 /* Main.storyboard */ = {
			isa = PBXVariantGroup;
			children = (
				8E8AACEF1D0F4A1500CC8158 /* Base */,
			);
			name = Main.storyboard;
			sourceTree = "<group>";
		};
		8E8AACF31D0F4A1500CC8158 /* LaunchScreen.storyboard */ = {
			isa = PBXVariantGroup;
			children = (
				8E8AACF41D0F4A1500CC8158 /* Base */,
			);
			name = LaunchScreen.storyboard;
			sourceTree = "<group>";
		};
/* End PBXVariantGroup section */

/* Begin XCBuildConfiguration section */
		8E8AACF71D0F4A1500CC8158 /* Debug */ = {
			isa = XCBuildConfiguration;
			buildSettings = {
				ALWAYS_SEARCH_USER_PATHS = NO;
				CLANG_ANALYZER_NONNULL = YES;
				CLANG_CXX_LANGUAGE_STANDARD = "gnu++0x";
				CLANG_CXX_LIBRARY = "libc++";
				CLANG_ENABLE_MODULES = YES;
				CLANG_ENABLE_OBJC_ARC = YES;
				CLANG_WARN_BOOL_CONVERSION = YES;
				CLANG_WARN_CONSTANT_CONVERSION = YES;
				CLANG_WARN_DIRECT_OBJC_ISA_USAGE = YES_ERROR;
				CLANG_WARN_EMPTY_BODY = YES;
				CLANG_WARN_ENUM_CONVERSION = YES;
				CLANG_WARN_INT_CONVERSION = YES;
				CLANG_WARN_OBJC_ROOT_CLASS = YES_ERROR;
				CLANG_WARN_UNREACHABLE_CODE = YES;
				CLANG_WARN__DUPLICATE_METHOD_MATCH = YES;
				"CODE_SIGN_IDENTITY[sdk=iphoneos*]" = "iPhone Developer";
				COPY_PHASE_STRIP = NO;
				DEBUG_INFORMATION_FORMAT = dwarf;
				ENABLE_STRICT_OBJC_MSGSEND = YES;
				ENABLE_TESTABILITY = YES;
				GCC_C_LANGUAGE_STANDARD = gnu99;
				GCC_DYNAMIC_NO_PIC = NO;
				GCC_NO_COMMON_BLOCKS = YES;
				GCC_OPTIMIZATION_LEVEL = 0;
				GCC_PREPROCESSOR_DEFINITIONS = (
					"DEBUG=1",
					"$(inherited)",
				);
				GCC_WARN_64_TO_32_BIT_CONVERSION = YES;
				GCC_WARN_ABOUT_RETURN_TYPE = YES_ERROR;
				GCC_WARN_UNDECLARED_SELECTOR = YES;
				GCC_WARN_UNINITIALIZED_AUTOS = YES_AGGRESSIVE;
				GCC_WARN_UNUSED_FUNCTION = YES;
				GCC_WARN_UNUSED_VARIABLE = YES;
				IPHONEOS_DEPLOYMENT_TARGET = 9.3;
				MTL_ENABLE_DEBUG_INFO = YES;
				ONLY_ACTIVE_ARCH = YES;
				SDKROOT = iphoneos;
				SWIFT_OPTIMIZATION_LEVEL = "-Onone";
			};
			name = Debug;
		};
		8E8AACF81D0F4A1500CC8158 /* Release */ = {
			isa = XCBuildConfiguration;
			buildSettings = {
				ALWAYS_SEARCH_USER_PATHS = NO;
				CLANG_ANALYZER_NONNULL = YES;
				CLANG_CXX_LANGUAGE_STANDARD = "gnu++0x";
				CLANG_CXX_LIBRARY = "libc++";
				CLANG_ENABLE_MODULES = YES;
				CLANG_ENABLE_OBJC_ARC = YES;
				CLANG_WARN_BOOL_CONVERSION = YES;
				CLANG_WARN_CONSTANT_CONVERSION = YES;
				CLANG_WARN_DIRECT_OBJC_ISA_USAGE = YES_ERROR;
				CLANG_WARN_EMPTY_BODY = YES;
				CLANG_WARN_ENUM_CONVERSION = YES;
				CLANG_WARN_INT_CONVERSION = YES;
				CLANG_WARN_OBJC_ROOT_CLASS = YES_ERROR;
				CLANG_WARN_UNREACHABLE_CODE = YES;
				CLANG_WARN__DUPLICATE_METHOD_MATCH = YES;
				"CODE_SIGN_IDENTITY[sdk=iphoneos*]" = "iPhone Developer";
				COPY_PHASE_STRIP = NO;
				DEBUG_INFORMATION_FORMAT = "dwarf-with-dsym";
				ENABLE_NS_ASSERTIONS = NO;
				ENABLE_STRICT_OBJC_MSGSEND = YES;
				GCC_C_LANGUAGE_STANDARD = gnu99;
				GCC_NO_COMMON_BLOCKS = YES;
				GCC_WARN_64_TO_32_BIT_CONVERSION = YES;
				GCC_WARN_ABOUT_RETURN_TYPE = YES_ERROR;
				GCC_WARN_UNDECLARED_SELECTOR = YES;
				GCC_WARN_UNINITIALIZED_AUTOS = YES_AGGRESSIVE;
				GCC_WARN_UNUSED_FUNCTION = YES;
				GCC_WARN_UNUSED_VARIABLE = YES;
				IPHONEOS_DEPLOYMENT_TARGET = 9.3;
				MTL_ENABLE_DEBUG_INFO = NO;
				SDKROOT = iphoneos;
				VALIDATE_PRODUCT = YES;
			};
			name = Release;
		};
		8E8AACFA1D0F4A1500CC8158 /* Debug */ = {
			isa = XCBuildConfiguration;
			buildSettings = {
				ASSETCATALOG_COMPILER_APPICON_NAME = AppIcon;
				INFOPLIST_FILE = monster/Info.plist;
				LD_RUNPATH_SEARCH_PATHS = "$(inherited) @executable_path/Frameworks";
				PRODUCT_BUNDLE_IDENTIFIER = gordonseto.monster;
				PRODUCT_NAME = "$(TARGET_NAME)";
				TARGETED_DEVICE_FAMILY = "1,2";
			};
			name = Debug;
		};
		8E8AACFB1D0F4A1500CC8158 /* Release */ = {
			isa = XCBuildConfiguration;
			buildSettings = {
				ASSETCATALOG_COMPILER_APPICON_NAME = AppIcon;
				INFOPLIST_FILE = monster/Info.plist;
				LD_RUNPATH_SEARCH_PATHS = "$(inherited) @executable_path/Frameworks";
				PRODUCT_BUNDLE_IDENTIFIER = gordonseto.monster;
				PRODUCT_NAME = "$(TARGET_NAME)";
				TARGETED_DEVICE_FAMILY = "1,2";
			};
			name = Release;
		};
/* End XCBuildConfiguration section */

/* Begin XCConfigurationList section */
		8E8AACE21D0F4A1500CC8158 /* Build configuration list for PBXProject "monster" */ = {
			isa = XCConfigurationList;
			buildConfigurations = (
				8E8AACF71D0F4A1500CC8158 /* Debug */,
				8E8AACF81D0F4A1500CC8158 /* Release */,
			);
			defaultConfigurationIsVisible = 0;
			defaultConfigurationName = Release;
		};
		8E8AACF91D0F4A1500CC8158 /* Build configuration list for PBXNativeTarget "monster" */ = {
			isa = XCConfigurationList;
			buildConfigurations = (
				8E8AACFA1D0F4A1500CC8158 /* Debug */,
				8E8AACFB1D0F4A1500CC8158 /* Release */,
			);
			defaultConfigurationIsVisible = 0;
		};
/* End XCConfigurationList section */
	};
	rootObject = 8E8AACDF1D0F4A1500CC8158 /* Project object */;
}
